{
  "name": "verifica-schema",
  "lockfileVersion": 3,
  "requires": true,
  "packages": {
    "": {
      "name": "verifica-schema",
      "dependencies": {
        "pg-query-emscripten": "5.1.0"
      }
    },
    "node_modules/pg-query-emscripten": {
      "version": "5.1.0",
      "resolved": "https://registry.npmjs.org/pg-query-emscripten/-/pg-query-emscripten-5.1.0.tgz",
      "integrity": "sha512-H1ZWOzLRddmHuE4GZqFjjo55hA9zMiePz/WDDGANA/EnvILCJps9pcRucyGd+MFvapeYOy6TWSYz6DbtBOaxRQ==",
      "license": "MIT"
    }
  }
}
